
Microsoft Visual Studio Solution File, Format Version 12.00
# Visual Studio 15
VisualStudioVersion = 15.0.28307.489
MinimumVisualStudioVersion = 10.0.40219.1
Project("{FAE04EC0-301F-11D3-BF4B-00C04F79EFBC}") = "hsb", "hsb.csproj", "{14F5DE81-F098-4C89-AFF8-B0E8AD3F952E}"
EndProject
Project("{FAE04EC0-301F-11D3-BF4B-00C04F79EFBC}") = "hsbTests", "..\hsbTests\hsbTests.csproj", "{92BBC8F3-BBAC-40D3-B55F-B7A73AFF6640}"
EndProject
Global
	GlobalSection(SolutionConfigurationPlatforms) = preSolution
		Debug|Any CPU = Debug|Any CPU
		Release|Any CPU = Release|Any CPU
	EndGlobalSection
	GlobalSection(ProjectConfigurationPlatforms) = postSolution
		{14F5DE81-F098-4C89-AFF8-B0E8AD3F952E}.Debug|Any CPU.ActiveCfg = Debug|Any CPU
		{14F5DE81-F098-4C89-AFF8-B0E8AD3F952E}.Debug|Any CPU.Build.0 = Debug|Any CPU
		{14F5DE81-F098-4C89-AFF8-B0E8AD3F952E}.Release|Any CPU.ActiveCfg = Release|Any CPU
		{14F5DE81-F098-4C89-AFF8-B0E8AD3F952E}.Release|Any CPU.Build.0 = Release|Any CPU
		{92BBC8F3-BBAC-40D3-B55F-B7A73AFF6640}.Debug|Any CPU.ActiveCfg = Debug|Any CPU
		{92BBC8F3-BBAC-40D3-B55F-B7A73AFF6640}.Debug|Any CPU.Build.0 = Debug|Any CPU
		{92BBC8F3-BBAC-40D3-B55F-B7A73AFF6640}.Release|Any CPU.ActiveCfg = Release|Any CPU
		{92BBC8F3-BBAC-40D3-B55F-B7A73AFF6640}.Release|Any CPU.Build.0 = Release|Any CPU
	EndGlobalSection
	GlobalSection(SolutionProperties) = preSolution
		HideSolutionNode = FALSE
	EndGlobalSection
	GlobalSection(ExtensibilityGlobals) = postSolution
		SolutionGuid = {D618E0E2-4BFC-4D1C-AEA1-2B3AC01CDF9F}
	EndGlobalSection
EndGlobal
